
Microsoft Visual Studio Solution File, Format Version 12.00
# Visual Studio Version 17
VisualStudioVersion = 17.11.35327.3
MinimumVisualStudioVersion = 10.0.40219.1
Project("{9A19103F-16F7-4668-BE54-9A1E7A4F7556}") = "HL_NET", "HL-NET\HL_NET.csproj", "{447FB2E3-5D31-431D-B15E-3683D4FFE548}"
EndProject
Global
	GlobalSection(SolutionConfigurationPlatforms) = preSolution
		Debug|Any CPU = Debug|Any CPU
		Release|Any CPU = Release|Any CPU
	EndGlobalSection
	GlobalSection(ProjectConfigurationPlatforms) = postSolution
		{447FB2E3-5D31-431D-B15E-3683D4FFE548}.Debug|Any CPU.ActiveCfg = Debug|Any CPU
		{447FB2E3-5D31-431D-B15E-3683D4FFE548}.Debug|Any CPU.Build.0 = Debug|Any CPU
		{447FB2E3-5D31-431D-B15E-3683D4FFE548}.Release|Any CPU.ActiveCfg = Release|Any CPU
		{447FB2E3-5D31-431D-B15E-3683D4FFE548}.Release|Any CPU.Build.0 = Release|Any CPU
	EndGlobalSection
	GlobalSection(SolutionProperties) = preSolution
		HideSolutionNode = FALSE
	EndGlobalSection
	GlobalSection(ExtensibilityGlobals) = postSolution
		SolutionGuid = {358DA3E8-F286-4F64-953F-C0FA1AEB78CE}
	EndGlobalSection
EndGlobal
